
Microsoft Visual Studio Solution File, Format Version 12.00
# Visual Studio Version 17
VisualStudioVersion = 17.0.31903.59
MinimumVisualStudioVersion = 10.0.40219.1
Project("{2150E333-8FDC-42A3-9474-1A3956D46DE8}") = "src", "src", "{568198E3-6227-4F76-8D68-E94270E9EF9A}"
EndProject
Project("{FAE04EC0-301F-11D3-BF4B-00C04F79EFBC}") = "ViennaBar.Spike.AppBar", "src\ViennaBar.Spike.AppBar\ViennaBar.Spike.AppBar.csproj", "{AF09EC43-44F0-452E-9D8D-C299199FAFBE}"
EndProject
Project("{FAE04EC0-301F-11D3-BF4B-00C04F79EFBC}") = "ViennaBar.Spike.AppCatalog", "src\ViennaBar.Spike.AppCatalog\ViennaBar.Spike.AppCatalog.csproj", "{56AB1C91-8939-48FF-9DB1-6FCA779FDB82}"
EndProject
Project("{FAE04EC0-301F-11D3-BF4B-00C04F79EFBC}") = "ViennaBar.Spike.oledd", "src\ViennaBar.Spike.oledd\ViennaBar.Spike.oledd.csproj", "{E87F2F10-2D60-410E-B3DE-48BE4CEA3D4E}"
EndProject
Project("{FAE04EC0-301F-11D3-BF4B-00C04F79EFBC}") = "ViennaBar.Spike.Render", "src\ViennaBar.Spike.Render\ViennaBar.Spike.Render.csproj", "{46309C7A-94F8-41CE-B122-21F8BE75A67F}"
EndProject
Project("{FAE04EC0-301F-11D3-BF4B-00C04F79EFBC}") = "ViennaBar.Spike.ShellNs", "src\ViennaBar.Spike.ShellNs\ViennaBar.Spike.ShellNs.csproj", "{97FC8E75-C23E-4497-A483-C5C258B868E3}"
EndProject
Global
	GlobalSection(SolutionConfigurationPlatforms) = preSolution
		Debug|Any CPU = Debug|Any CPU
		Release|Any CPU = Release|Any CPU
	EndGlobalSection
	GlobalSection(SolutionProperties) = preSolution
		HideSolutionNode = FALSE
	EndGlobalSection
	GlobalSection(ProjectConfigurationPlatforms) = postSolution
		{AF09EC43-44F0-452E-9D8D-C299199FAFBE}.Debug|Any CPU.ActiveCfg = Debug|Any CPU
		{AF09EC43-44F0-452E-9D8D-C299199FAFBE}.Debug|Any CPU.Build.0 = Debug|Any CPU
		{AF09EC43-44F0-452E-9D8D-C299199FAFBE}.Release|Any CPU.ActiveCfg = Release|Any CPU
		{AF09EC43-44F0-452E-9D8D-C299199FAFBE}.Release|Any CPU.Build.0 = Release|Any CPU
		{56AB1C91-8939-48FF-9DB1-6FCA779FDB82}.Debug|Any CPU.ActiveCfg = Debug|Any CPU
		{56AB1C91-8939-48FF-9DB1-6FCA779FDB82}.Debug|Any CPU.Build.0 = Debug|Any CPU
		{56AB1C91-8939-48FF-9DB1-6FCA779FDB82}.Release|Any CPU.ActiveCfg = Release|Any CPU
		{56AB1C91-8939-48FF-9DB1-6FCA779FDB82}.Release|Any CPU.Build.0 = Release|Any CPU
		{E87F2F10-2D60-410E-B3DE-48BE4CEA3D4E}.Debug|Any CPU.ActiveCfg = Debug|Any CPU
		{E87F2F10-2D60-410E-B3DE-48BE4CEA3D4E}.Debug|Any CPU.Build.0 = Debug|Any CPU
		{E87F2F10-2D60-410E-B3DE-48BE4CEA3D4E}.Release|Any CPU.ActiveCfg = Release|Any CPU
		{E87F2F10-2D60-410E-B3DE-48BE4CEA3D4E}.Release|Any CPU.Build.0 = Release|Any CPU
		{46309C7A-94F8-41CE-B122-21F8BE75A67F}.Debug|Any CPU.ActiveCfg = Debug|Any CPU
		{46309C7A-94F8-41CE-B122-21F8BE75A67F}.Debug|Any CPU.Build.0 = Debug|Any CPU
		{46309C7A-94F8-41CE-B122-21F8BE75A67F}.Release|Any CPU.ActiveCfg = Release|Any CPU
		{46309C7A-94F8-41CE-B122-21F8BE75A67F}.Release|Any CPU.Build.0 = Release|Any CPU
		{97FC8E75-C23E-4497-A483-C5C258B868E3}.Debug|Any CPU.ActiveCfg = Debug|Any CPU
		{97FC8E75-C23E-4497-A483-C5C258B868E3}.Debug|Any CPU.Build.0 = Debug|Any CPU
		{97FC8E75-C23E-4497-A483-C5C258B868E3}.Release|Any CPU.ActiveCfg = Release|Any CPU
		{97FC8E75-C23E-4497-A483-C5C258B868E3}.Release|Any CPU.Build.0 = Release|Any CPU
	EndGlobalSection
	GlobalSection(NestedProjects) = preSolution
		{AF09EC43-44F0-452E-9D8D-C299199FAFBE} = {568198E3-6227-4F76-8D68-E94270E9EF9A}
		{56AB1C91-8939-48FF-9DB1-6FCA779FDB82} = {568198E3-6227-4F76-8D68-E94270E9EF9A}
		{E87F2F10-2D60-410E-B3DE-48BE4CEA3D4E} = {568198E3-6227-4F76-8D68-E94270E9EF9A}
		{46309C7A-94F8-41CE-B122-21F8BE75A67F} = {568198E3-6227-4F76-8D68-E94270E9EF9A}
		{97FC8E75-C23E-4497-A483-C5C258B868E3} = {568198E3-6227-4F76-8D68-E94270E9EF9A}
	EndGlobalSection
EndGlobal
